# THIS IS AN AUTOGENERATED FILE. DO NOT EDIT THIS FILE DIRECTLY.
# yarn lockfile v1


emoji-mart@^5.6.0:
  version "5.6.0"
  resolved "https://registry.yarnpkg.com/emoji-mart/-/emoji-mart-5.6.0.tgz#71b3ed0091d3e8c68487b240d9d6d9a73c27f023"
  integrity sha512-eJp3QRe79pjwa+duv+n7+5YsNhRcMl812EcFVwrnRvYKoNPoQb5qxU8DG6Bgwji0akHdp6D4Ln6tYLG58MFSow==
